
Microsoft Visual Studio Solution File, Format Version 12.00
# Visual Studio Version 16
VisualStudioVersion = 16.0.29613.14
MinimumVisualStudioVersion = 10.0.40219.1
Project("{FAE04EC0-301F-11D3-BF4B-00C04F79EFBC}") = "WpfGitDz", "WpfGitDz\WpfGitDz.csproj", "{D40AE049-88F1-491E-B06D-EA6ADF56331C}"
EndProject
Global
	GlobalSection(SolutionConfigurationPlatforms) = preSolution
		Debug|Any CPU = Debug|Any CPU
		Release|Any CPU = Release|Any CPU
	EndGlobalSection
	GlobalSection(ProjectConfigurationPlatforms) = postSolution
		{D40AE049-88F1-491E-B06D-EA6ADF56331C}.Debug|Any CPU.ActiveCfg = Debug|Any CPU
		{D40AE049-88F1-491E-B06D-EA6ADF56331C}.Debug|Any CPU.Build.0 = Debug|Any CPU
		{D40AE049-88F1-491E-B06D-EA6ADF56331C}.Release|Any CPU.ActiveCfg = Release|Any CPU
		{D40AE049-88F1-491E-B06D-EA6ADF56331C}.Release|Any CPU.Build.0 = Release|Any CPU
	EndGlobalSection
	GlobalSection(SolutionProperties) = preSolution
		HideSolutionNode = FALSE
	EndGlobalSection
	GlobalSection(ExtensibilityGlobals) = postSolution
		SolutionGuid = {3AD38FBC-B0C8-4242-80CF-AF48BE15C7A9}
	EndGlobalSection
EndGlobal
